{
  "name": "tildanigriSite",
  "lockfileVersion": 2,
  "requires": true,
  "packages": {
    "": {
      "dependencies": {
        "iso-8859-7": "^3.0.4"
      }
    },
    "node_modules/iso-8859-7": {
      "version": "3.0.4",
      "resolved": "https://registry.npmjs.org/iso-8859-7/-/iso-8859-7-3.0.4.tgz",
      "integrity": "sha512-et3sUKlohhVLkJERDCISrviPJyQtd4Ms1sDsXlh4iWK22op+iWyf+9LiM4KUxxD1qnNrefQt6oaMgsU3R5Vvhw=="
    }
  },
  "dependencies": {
    "iso-8859-7": {
      "version": "3.0.4",
      "resolved": "https://registry.npmjs.org/iso-8859-7/-/iso-8859-7-3.0.4.tgz",
      "integrity": "sha512-et3sUKlohhVLkJERDCISrviPJyQtd4Ms1sDsXlh4iWK22op+iWyf+9LiM4KUxxD1qnNrefQt6oaMgsU3R5Vvhw=="
    }
  }
}
